
Microsoft Visual Studio Solution File, Format Version 12.00
# Visual Studio Version 16
VisualStudioVersion = 16.0.29613.14
MinimumVisualStudioVersion = 10.0.40219.1
Project("{FAE04EC0-301F-11D3-BF4B-00C04F79EFBC}") = "CourseManager", "CourseManager.csproj", "{9FFD4EB0-567F-489B-BB4B-DA7FC60BAB29}"
EndProject
Global
	GlobalSection(SolutionConfigurationPlatforms) = preSolution
		Debug|Any CPU = Debug|Any CPU
		Release|Any CPU = Release|Any CPU
	EndGlobalSection
	GlobalSection(ProjectConfigurationPlatforms) = postSolution
		{9FFD4EB0-567F-489B-BB4B-DA7FC60BAB29}.Debug|Any CPU.ActiveCfg = Debug|Any CPU
		{9FFD4EB0-567F-489B-BB4B-DA7FC60BAB29}.Debug|Any CPU.Build.0 = Debug|Any CPU
		{9FFD4EB0-567F-489B-BB4B-DA7FC60BAB29}.Release|Any CPU.ActiveCfg = Release|Any CPU
		{9FFD4EB0-567F-489B-BB4B-DA7FC60BAB29}.Release|Any CPU.Build.0 = Release|Any CPU
	EndGlobalSection
	GlobalSection(SolutionProperties) = preSolution
		HideSolutionNode = FALSE
	EndGlobalSection
	GlobalSection(ExtensibilityGlobals) = postSolution
		SolutionGuid = {AE1E2A9A-C7A6-4F0C-85E7-0F601E550BCC}
	EndGlobalSection
EndGlobal
